
Microsoft Visual Studio Solution File, Format Version 12.00
# Visual Studio Version 16
VisualStudioVersion = 16.0.33214.272
MinimumVisualStudioVersion = 10.0.40219.1
Project("{FAE04EC0-301F-11D3-BF4B-00C04F79EFBC}") = "indCollecForm", "indCollecForm\indCollecForm.csproj", "{1EAFA3BA-66AB-4868-B8AB-2346A2A03343}"
EndProject
Global
	GlobalSection(SolutionConfigurationPlatforms) = preSolution
		Debug|Any CPU = Debug|Any CPU
		Release|Any CPU = Release|Any CPU
	EndGlobalSection
	GlobalSection(ProjectConfigurationPlatforms) = postSolution
		{1EAFA3BA-66AB-4868-B8AB-2346A2A03343}.Debug|Any CPU.ActiveCfg = Debug|Any CPU
		{1EAFA3BA-66AB-4868-B8AB-2346A2A03343}.Debug|Any CPU.Build.0 = Debug|Any CPU
		{1EAFA3BA-66AB-4868-B8AB-2346A2A03343}.Release|Any CPU.ActiveCfg = Release|Any CPU
		{1EAFA3BA-66AB-4868-B8AB-2346A2A03343}.Release|Any CPU.Build.0 = Release|Any CPU
	EndGlobalSection
	GlobalSection(SolutionProperties) = preSolution
		HideSolutionNode = FALSE
	EndGlobalSection
	GlobalSection(ExtensibilityGlobals) = postSolution
		SolutionGuid = {47233F32-D159-49B9-8061-7CE1766D321E}
	EndGlobalSection
EndGlobal
